DEPENDENCIES
  minitest-handler
    git: git://github.com/btm/minitest-handler-cookbook.git
    revision: 7dfdd700d5fe8903379987b052a4163c2cad31cd
  sphinx
    path: .
    metadata: true
  sphinx_test
    path: test/cookbooks/sphinx_test

GRAPH
  apt (2.5.2)
  build-essential (2.0.6)
  chef-sugar (2.0.0)
  chef_handler (1.1.6)
  minitest-handler (1.3.3)
    chef_handler (>= 0.0.0)
  mysql (5.3.6)
    yum-mysql-community (>= 0.0.0)
  openssl (2.0.0)
    chef-sugar (>= 0.0.0)
  percona (0.15.5)
    apt (>= 1.9)
    openssl (>= 0.0.0)
    yum (~> 3.0)
  postgresql (3.4.1)
    apt (>= 1.9.0)
    build-essential (>= 0.0.0)
    openssl (>= 0.0.0)
  sphinx (1.0.3)
    apt (>= 0.0.0)
    build-essential (>= 1.1.2)
    mysql (>= 0.0.0)
    percona (>= 0.0.0)
    postgresql (>= 1.0.0)
    yum (>= 0.0.0)
    yum-epel (>= 0.0.0)
  sphinx_test (1.0.0)
  yum (3.2.2)
  yum-epel (0.4.0)
    yum (~> 3.0)
  yum-mysql-community (0.1.10)
    yum (>= 3.0)
